
Microsoft Visual Studio Solution File, Format Version 12.00
# Visual Studio Version 17
VisualStudioVersion = 17.7.34009.444
MinimumVisualStudioVersion = 10.0.40219.1
Project("{9A19103F-16F7-4668-BE54-9A1E7A4F7556}") = "Server", "Server\Server.csproj", "{B2E5A0AC-33B6-498A-820B-724C55E97232}"
EndProject
Project("{9A19103F-16F7-4668-BE54-9A1E7A4F7556}") = "ServerCore", "ServerCore\ServerCore.csproj", "{C1DC7F3A-3D2C-419B-8EA6-B63C761EC37A}"
EndProject
Project("{2150E333-8FDC-42A3-9474-1A3956D46DE8}") = "Tool", "Tool", "{63412D64-2E82-440C-BA55-16E38C08F150}"
EndProject
Project("{9A19103F-16F7-4668-BE54-9A1E7A4F7556}") = "PacketTool", "PacketTool\PacketTool.csproj", "{8BC76A80-43EA-4B8C-B8E3-5A24CF197F2E}"
EndProject
Global
	GlobalSection(SolutionConfigurationPlatforms) = preSolution
		Debug|Any CPU = Debug|Any CPU
		Release|Any CPU = Release|Any CPU
	EndGlobalSection
	GlobalSection(ProjectConfigurationPlatforms) = postSolution
		{B2E5A0AC-33B6-498A-820B-724C55E97232}.Debug|Any CPU.ActiveCfg = Debug|Any CPU
		{B2E5A0AC-33B6-498A-820B-724C55E97232}.Debug|Any CPU.Build.0 = Debug|Any CPU
		{B2E5A0AC-33B6-498A-820B-724C55E97232}.Release|Any CPU.ActiveCfg = Release|Any CPU
		{B2E5A0AC-33B6-498A-820B-724C55E97232}.Release|Any CPU.Build.0 = Release|Any CPU
		{C1DC7F3A-3D2C-419B-8EA6-B63C761EC37A}.Debug|Any CPU.ActiveCfg = Debug|Any CPU
		{C1DC7F3A-3D2C-419B-8EA6-B63C761EC37A}.Debug|Any CPU.Build.0 = Debug|Any CPU
		{C1DC7F3A-3D2C-419B-8EA6-B63C761EC37A}.Release|Any CPU.ActiveCfg = Release|Any CPU
		{C1DC7F3A-3D2C-419B-8EA6-B63C761EC37A}.Release|Any CPU.Build.0 = Release|Any CPU
		{8BC76A80-43EA-4B8C-B8E3-5A24CF197F2E}.Debug|Any CPU.ActiveCfg = Debug|Any CPU
		{8BC76A80-43EA-4B8C-B8E3-5A24CF197F2E}.Debug|Any CPU.Build.0 = Debug|Any CPU
		{8BC76A80-43EA-4B8C-B8E3-5A24CF197F2E}.Release|Any CPU.ActiveCfg = Release|Any CPU
		{8BC76A80-43EA-4B8C-B8E3-5A24CF197F2E}.Release|Any CPU.Build.0 = Release|Any CPU
	EndGlobalSection
	GlobalSection(SolutionProperties) = preSolution
		HideSolutionNode = FALSE
	EndGlobalSection
	GlobalSection(NestedProjects) = preSolution
		{8BC76A80-43EA-4B8C-B8E3-5A24CF197F2E} = {63412D64-2E82-440C-BA55-16E38C08F150}
	EndGlobalSection
	GlobalSection(ExtensibilityGlobals) = postSolution
		SolutionGuid = {06BE01D9-C3FF-47BE-9217-98940735A97D}
	EndGlobalSection
EndGlobal
